
Microsoft Visual Studio Solution File, Format Version 12.00
# Visual Studio Version 16
VisualStudioVersion = 16.0.31702.278
MinimumVisualStudioVersion = 10.0.40219.1
Project("{8BC9CEB8-8B4A-11D0-8D11-00A0C91BC942}") = "3.3", "3.3\3.3.vcxproj", "{11004FD1-29D6-42F4-8FF3-21C3C29C367A}"
EndProject
Global
	GlobalSection(SolutionConfigurationPlatforms) = preSolution
		Debug|x64 = Debug|x64
		Debug|x86 = Debug|x86
		Release|x64 = Release|x64
		Release|x86 = Release|x86
	EndGlobalSection
	GlobalSection(ProjectConfigurationPlatforms) = postSolution
		{11004FD1-29D6-42F4-8FF3-21C3C29C367A}.Debug|x64.ActiveCfg = Debug|x64
		{11004FD1-29D6-42F4-8FF3-21C3C29C367A}.Debug|x64.Build.0 = Debug|x64
		{11004FD1-29D6-42F4-8FF3-21C3C29C367A}.Debug|x86.ActiveCfg = Debug|Win32
		{11004FD1-29D6-42F4-8FF3-21C3C29C367A}.Debug|x86.Build.0 = Debug|Win32
		{11004FD1-29D6-42F4-8FF3-21C3C29C367A}.Release|x64.ActiveCfg = Release|x64
		{11004FD1-29D6-42F4-8FF3-21C3C29C367A}.Release|x64.Build.0 = Release|x64
		{11004FD1-29D6-42F4-8FF3-21C3C29C367A}.Release|x86.ActiveCfg = Release|Win32
		{11004FD1-29D6-42F4-8FF3-21C3C29C367A}.Release|x86.Build.0 = Release|Win32
	EndGlobalSection
	GlobalSection(SolutionProperties) = preSolution
		HideSolutionNode = FALSE
	EndGlobalSection
	GlobalSection(ExtensibilityGlobals) = postSolution
		SolutionGuid = {BD438525-C6DA-4B97-9C2F-DCDA80D7E2F5}
	EndGlobalSection
EndGlobal
